<?xml version="1.0" encoding="utf-8"?>
<Project xmlns="http://schemas.microsoft.com/developer/msbuild/2003">
  <ItemGroup>
    <Filter Include="Form Files">
      <UniqueIdentifier>{99349809-55BA-4b9d-BF79-8FDBB0286EB3}</UniqueIdentifier>
      <Extensions>ui</Extensions>
      <ParseFiles>false</ParseFiles>
    </Filter>
    <Filter Include="Form Files">
      <UniqueIdentifier>{99349809-55BA-4b9d-BF79-8FDBB0286EB3}</UniqueIdentifier>
      <Extensions>ui</Extensions>
      <ParseFiles>false</ParseFiles>
    </Filter>
    <Filter Include="Generated Files">
      <UniqueIdentifier>{71ED8ED8-ACB9-4CE9-BBE1-E00B30144E11}</UniqueIdentifier>
      <Extensions>cpp;c;cxx;moc;h;def;odl;idl;res;</Extensions>
    </Filter>
    <Filter Include="Generated Files">
      <UniqueIdentifier>{71ED8ED8-ACB9-4CE9-BBE1-E00B30144E11}</UniqueIdentifier>
      <Extensions>cpp;c;cxx;moc;h;def;odl;idl;res;</Extensions>
    </Filter>
    <Filter Include="Header Files">
      <UniqueIdentifier>{93995380-89BD-4b04-88EB-625FBE52EBFB}</UniqueIdentifier>
      <Extensions>h;hpp;hxx;hm;inl;inc;xsd</Extensions>
    </Filter>
    <Filter Include="Header Files">
      <UniqueIdentifier>{93995380-89BD-4b04-88EB-625FBE52EBFB}</UniqueIdentifier>
      <Extensions>h;hpp;hxx;hm;inl;inc;xsd</Extensions>
    </Filter>
    <Filter Include="Resource Files">
      <UniqueIdentifier>{D9D6E242-F8AF-46E4-B9FD-80ECBC20BA3E}</UniqueIdentifier>
      <Extensions>qrc;*</Extensions>
      <ParseFiles>false</ParseFiles>
    </Filter>
    <Filter Include="Resource Files">
      <UniqueIdentifier>{D9D6E242-F8AF-46E4-B9FD-80ECBC20BA3E}</UniqueIdentifier>
      <Extensions>qrc;*</Extensions>
      <ParseFiles>false</ParseFiles>
    </Filter>
    <Filter Include="Source Files">
      <UniqueIdentifier>{4FC737F1-C7A5-4376-A066-2A32D752A2FF}</UniqueIdentifier>
      <Extensions>cpp;c;cxx;def;odl;idl;hpj;bat;asm;asmx</Extensions>
    </Filter>
    <Filter Include="Source Files">
      <UniqueIdentifier>{4FC737F1-C7A5-4376-A066-2A32D752A2FF}</UniqueIdentifier>
      <Extensions>cpp;c;cxx;def;odl;idl;hpj;bat;asm;asmx</Extensions>
    </Filter>
  </ItemGroup>
  <ItemGroup>
    <ClCompile Include="api\appconfig.cpp">
      <Filter>Source Files</Filter>
    </ClCompile>
    <ClCompile Include="api\appdata.cpp">
      <Filter>Source Files</Filter>
    </ClCompile>
    <ClCompile Include="form\frmcomtool.cpp">
      <Filter>Source Files</Filter>
    </ClCompile>
    <ClCompile Include="main.cpp">
      <Filter>Source Files</Filter>
    </ClCompile>
    <ClCompile Include="..\3rd_qextserialport\qextserialport.cpp">
      <Filter>Source Files</Filter>
    </ClCompile>
    <ClCompile Include="..\3rd_qextserialport\qextserialport_win.cpp">
      <Filter>Source Files</Filter>
    </ClCompile>
    <ClCompile Include="api\qthelper.cpp">
      <Filter>Source Files</Filter>
    </ClCompile>
    <ClCompile Include="api\qthelperdata.cpp">
      <Filter>Source Files</Filter>
    </ClCompile>
    <ClCompile Include="serialdataqueue.cpp">
      <Filter>Source Files</Filter>
    </ClCompile>
    <ClCompile Include="serialworker.cpp">
      <Filter>Source Files</Filter>
    </ClCompile>
    <ClCompile Include="battery.cpp">
      <Filter>Source Files</Filter>
    </ClCompile>
  </ItemGroup>
  <ItemGroup>
    <ClInclude Include="api\appconfig.h">
      <Filter>Header Files</Filter>
    </ClInclude>
    <ClInclude Include="api\appdata.h">
      <Filter>Header Files</Filter>
    </ClInclude>
    <QtMoc Include="form\frmcomtool.h">
      <Filter>Header Files</Filter>
    </QtMoc>
    <ClInclude Include="head.h">
      <Filter>Header Files</Filter>
    </ClInclude>
    <QtMoc Include="..\3rd_qextserialport\qextserialport.h">
      <Filter>Header Files</Filter>
    </QtMoc>
    <ClInclude Include="..\3rd_qextserialport\qextserialport_global.h">
      <Filter>Header Files</Filter>
    </ClInclude>
    <ClInclude Include="..\3rd_qextserialport\qextserialport_p.h">
      <Filter>Header Files</Filter>
    </ClInclude>
    <ClInclude Include="api\qthelper.h">
      <Filter>Header Files</Filter>
    </ClInclude>
    <ClInclude Include="api\qthelperdata.h">
      <Filter>Header Files</Filter>
    </ClInclude>
    <ClInclude Include="CommunicationProtocol.h">
      <Filter>Generated Files</Filter>
    </ClInclude>
    <ClInclude Include="CRC32.h">
      <Filter>Generated Files</Filter>
    </ClInclude>
    <ClInclude Include="InfraredSpectrumData.h">
      <Filter>Generated Files</Filter>
    </ClInclude>
    <ClInclude Include="ImageData.h">
      <Filter>Generated Files</Filter>
    </ClInclude>
  </ItemGroup>
  <ItemGroup>
    <CustomBuild Include="debug\moc_predefs.h.cbt">
      <Filter>Generated Files</Filter>
    </CustomBuild>
    <CustomBuild Include="release\moc_predefs.h.cbt">
      <Filter>Generated Files</Filter>
    </CustomBuild>
  </ItemGroup>
  <ItemGroup>
    <QtUic Include="form\frmcomtool.ui">
      <Filter>Form Files</Filter>
    </QtUic>
  </ItemGroup>
  <ItemGroup>
    <QtRcc Include="qrc\main.qrc">
      <Filter>Resource Files</Filter>
    </QtRcc>
    <None Include="qrc\sd.png">
      <Filter>Resource Files</Filter>
    </None>
  </ItemGroup>
  <ItemGroup>
    <ResourceCompile Include="qrc\main.rc" />
  </ItemGroup>
  <ItemGroup>
    <QtMoc Include="serialworker.h">
      <Filter>Header Files</Filter>
    </QtMoc>
    <QtMoc Include="serialdataqueue.h">
      <Filter>Header Files</Filter>
    </QtMoc>
    <QtMoc Include="battery.h">
      <Filter>Header Files</Filter>
    </QtMoc>
  </ItemGroup>
</Project>